
Microsoft Visual Studio Solution File, Format Version 12.00
# Visual Studio Version 16
VisualStudioVersion = 16.0.28917.181
MinimumVisualStudioVersion = 10.0.40219.1
Project("{FAE04EC0-301F-11D3-BF4B-00C04F79EFBC}") = "Dignify.Android", "Dignify\Dignify.Android\Dignify.Android.csproj", "{19CDC4C3-4DB1-4937-8F72-6A6C4216E49D}"
EndProject
Project("{FAE04EC0-301F-11D3-BF4B-00C04F79EFBC}") = "Dignify.iOS", "Dignify\Dignify.iOS\Dignify.iOS.csproj", "{F9E1187B-154E-4575-9C5B-DB9825F1A7EE}"
EndProject
Project("{FAE04EC0-301F-11D3-BF4B-00C04F79EFBC}") = "Dignify", "Dignify\Dignify\Dignify.csproj", "{A93F42BA-7095-435D-B6D3-C3FDA4B4976A}"
EndProject
Global
	GlobalSection(SolutionConfigurationPlatforms) = preSolution
		Debug|Any CPU = Debug|Any CPU
		Debug|iPhone = Debug|iPhone
		Debug|iPhoneSimulator = Debug|iPhoneSimulator
		Release|Any CPU = Release|Any CPU
		Release|iPhone = Release|iPhone
		Release|iPhoneSimulator = Release|iPhoneSimulator
	EndGlobalSection
	GlobalSection(ProjectConfigurationPlatforms) = postSolution
		{19CDC4C3-4DB1-4937-8F72-6A6C4216E49D}.Debug|Any CPU.ActiveCfg = Debug|Any CPU
		{19CDC4C3-4DB1-4937-8F72-6A6C4216E49D}.Debug|Any CPU.Build.0 = Debug|Any CPU
		{19CDC4C3-4DB1-4937-8F72-6A6C4216E49D}.Debug|Any CPU.Deploy.0 = Debug|Any CPU
		{19CDC4C3-4DB1-4937-8F72-6A6C4216E49D}.Debug|iPhone.ActiveCfg = Debug|Any CPU
		{19CDC4C3-4DB1-4937-8F72-6A6C4216E49D}.Debug|iPhone.Build.0 = Debug|Any CPU
		{19CDC4C3-4DB1-4937-8F72-6A6C4216E49D}.Debug|iPhone.Deploy.0 = Debug|Any CPU
		{19CDC4C3-4DB1-4937-8F72-6A6C4216E49D}.Debug|iPhoneSimulator.ActiveCfg = Debug|Any CPU
		{19CDC4C3-4DB1-4937-8F72-6A6C4216E49D}.Debug|iPhoneSimulator.Build.0 = Debug|Any CPU
		{19CDC4C3-4DB1-4937-8F72-6A6C4216E49D}.Debug|iPhoneSimulator.Deploy.0 = Debug|Any CPU
		{19CDC4C3-4DB1-4937-8F72-6A6C4216E49D}.Release|Any CPU.ActiveCfg = Release|Any CPU
		{19CDC4C3-4DB1-4937-8F72-6A6C4216E49D}.Release|Any CPU.Build.0 = Release|Any CPU
		{19CDC4C3-4DB1-4937-8F72-6A6C4216E49D}.Release|Any CPU.Deploy.0 = Release|Any CPU
		{19CDC4C3-4DB1-4937-8F72-6A6C4216E49D}.Release|iPhone.ActiveCfg = Release|Any CPU
		{19CDC4C3-4DB1-4937-8F72-6A6C4216E49D}.Release|iPhone.Build.0 = Release|Any CPU
		{19CDC4C3-4DB1-4937-8F72-6A6C4216E49D}.Release|iPhone.Deploy.0 = Release|Any CPU
		{19CDC4C3-4DB1-4937-8F72-6A6C4216E49D}.Release|iPhoneSimulator.ActiveCfg = Release|Any CPU
		{19CDC4C3-4DB1-4937-8F72-6A6C4216E49D}.Release|iPhoneSimulator.Build.0 = Release|Any CPU
		{19CDC4C3-4DB1-4937-8F72-6A6C4216E49D}.Release|iPhoneSimulator.Deploy.0 = Release|Any CPU
		{F9E1187B-154E-4575-9C5B-DB9825F1A7EE}.Debug|Any CPU.ActiveCfg = Debug|iPhoneSimulator
		{F9E1187B-154E-4575-9C5B-DB9825F1A7EE}.Debug|Any CPU.Build.0 = Debug|iPhoneSimulator
		{F9E1187B-154E-4575-9C5B-DB9825F1A7EE}.Debug|Any CPU.Deploy.0 = Debug|iPhoneSimulator
		{F9E1187B-154E-4575-9C5B-DB9825F1A7EE}.Debug|iPhone.ActiveCfg = Debug|iPhone
		{F9E1187B-154E-4575-9C5B-DB9825F1A7EE}.Debug|iPhone.Build.0 = Debug|iPhone
		{F9E1187B-154E-4575-9C5B-DB9825F1A7EE}.Debug|iPhone.Deploy.0 = Debug|iPhone
		{F9E1187B-154E-4575-9C5B-DB9825F1A7EE}.Debug|iPhoneSimulator.ActiveCfg = Debug|iPhoneSimulator
		{F9E1187B-154E-4575-9C5B-DB9825F1A7EE}.Debug|iPhoneSimulator.Build.0 = Debug|iPhoneSimulator
		{F9E1187B-154E-4575-9C5B-DB9825F1A7EE}.Debug|iPhoneSimulator.Deploy.0 = Debug|iPhoneSimulator
		{F9E1187B-154E-4575-9C5B-DB9825F1A7EE}.Release|Any CPU.ActiveCfg = Release|iPhone
		{F9E1187B-154E-4575-9C5B-DB9825F1A7EE}.Release|Any CPU.Build.0 = Release|iPhone
		{F9E1187B-154E-4575-9C5B-DB9825F1A7EE}.Release|Any CPU.Deploy.0 = Release|iPhone
		{F9E1187B-154E-4575-9C5B-DB9825F1A7EE}.Release|iPhone.ActiveCfg = Release|iPhone
		{F9E1187B-154E-4575-9C5B-DB9825F1A7EE}.Release|iPhone.Build.0 = Release|iPhone
		{F9E1187B-154E-4575-9C5B-DB9825F1A7EE}.Release|iPhone.Deploy.0 = Release|iPhone
		{F9E1187B-154E-4575-9C5B-DB9825F1A7EE}.Release|iPhoneSimulator.ActiveCfg = Release|iPhoneSimulator
		{F9E1187B-154E-4575-9C5B-DB9825F1A7EE}.Release|iPhoneSimulator.Build.0 = Release|iPhoneSimulator
		{F9E1187B-154E-4575-9C5B-DB9825F1A7EE}.Release|iPhoneSimulator.Deploy.0 = Release|iPhoneSimulator
		{A93F42BA-7095-435D-B6D3-C3FDA4B4976A}.Debug|Any CPU.ActiveCfg = Debug|Any CPU
		{A93F42BA-7095-435D-B6D3-C3FDA4B4976A}.Debug|Any CPU.Build.0 = Debug|Any CPU
		{A93F42BA-7095-435D-B6D3-C3FDA4B4976A}.Debug|Any CPU.Deploy.0 = Debug|Any CPU
		{A93F42BA-7095-435D-B6D3-C3FDA4B4976A}.Debug|iPhone.ActiveCfg = Debug|Any CPU
		{A93F42BA-7095-435D-B6D3-C3FDA4B4976A}.Debug|iPhone.Build.0 = Debug|Any CPU
		{A93F42BA-7095-435D-B6D3-C3FDA4B4976A}.Debug|iPhone.Deploy.0 = Debug|Any CPU
		{A93F42BA-7095-435D-B6D3-C3FDA4B4976A}.Debug|iPhoneSimulator.ActiveCfg = Debug|Any CPU
		{A93F42BA-7095-435D-B6D3-C3FDA4B4976A}.Debug|iPhoneSimulator.Build.0 = Debug|Any CPU
		{A93F42BA-7095-435D-B6D3-C3FDA4B4976A}.Debug|iPhoneSimulator.Deploy.0 = Debug|Any CPU
		{A93F42BA-7095-435D-B6D3-C3FDA4B4976A}.Release|Any CPU.ActiveCfg = Release|Any CPU
		{A93F42BA-7095-435D-B6D3-C3FDA4B4976A}.Release|Any CPU.Build.0 = Release|Any CPU
		{A93F42BA-7095-435D-B6D3-C3FDA4B4976A}.Release|Any CPU.Deploy.0 = Release|Any CPU
		{A93F42BA-7095-435D-B6D3-C3FDA4B4976A}.Release|iPhone.ActiveCfg = Release|Any CPU
		{A93F42BA-7095-435D-B6D3-C3FDA4B4976A}.Release|iPhone.Build.0 = Release|Any CPU
		{A93F42BA-7095-435D-B6D3-C3FDA4B4976A}.Release|iPhone.Deploy.0 = Release|Any CPU
		{A93F42BA-7095-435D-B6D3-C3FDA4B4976A}.Release|iPhoneSimulator.ActiveCfg = Release|Any CPU
		{A93F42BA-7095-435D-B6D3-C3FDA4B4976A}.Release|iPhoneSimulator.Build.0 = Release|Any CPU
		{A93F42BA-7095-435D-B6D3-C3FDA4B4976A}.Release|iPhoneSimulator.Deploy.0 = Release|Any CPU
	EndGlobalSection
	GlobalSection(SolutionProperties) = preSolution
		HideSolutionNode = FALSE
	EndGlobalSection
	GlobalSection(ExtensibilityGlobals) = postSolution
		SolutionGuid = {4CE531E8-04CC-4874-B4B4-9E6D59756A95}
	EndGlobalSection
EndGlobal
